
Microsoft Visual Studio Solution File, Format Version 12.00
# Visual Studio Version 17
VisualStudioVersion = 17.13.35617.110 d17.13
MinimumVisualStudioVersion = 10.0.40219.1
Project("{FAE04EC0-301F-11D3-BF4B-00C04F79EFBC}") = "PlateformeBancaireUniverselle", "PlateformeBancaireUniverselle\PlateformeBancaireUniverselle.csproj", "{FA289F68-6828-4968-9DD2-DC9BA691BDF7}"
EndProject
Global
	GlobalSection(SolutionConfigurationPlatforms) = preSolution
		Debug|Any CPU = Debug|Any CPU
		Release|Any CPU = Release|Any CPU
	EndGlobalSection
	GlobalSection(ProjectConfigurationPlatforms) = postSolution
		{FA289F68-6828-4968-9DD2-DC9BA691BDF7}.Debug|Any CPU.ActiveCfg = Debug|Any CPU
		{FA289F68-6828-4968-9DD2-DC9BA691BDF7}.Debug|Any CPU.Build.0 = Debug|Any CPU
		{FA289F68-6828-4968-9DD2-DC9BA691BDF7}.Release|Any CPU.ActiveCfg = Release|Any CPU
		{FA289F68-6828-4968-9DD2-DC9BA691BDF7}.Release|Any CPU.Build.0 = Release|Any CPU
	EndGlobalSection
	GlobalSection(SolutionProperties) = preSolution
		HideSolutionNode = FALSE
	EndGlobalSection
	GlobalSection(ExtensibilityGlobals) = postSolution
		SolutionGuid = {EE50C56D-8855-4963-82D5-15C230742E49}
	EndGlobalSection
EndGlobal
